
Microsoft Visual Studio Solution File, Format Version 12.00
# Visual Studio 15
VisualStudioVersion = 15.0.26730.15
MinimumVisualStudioVersion = 10.0.40219.1
Project("{FAE04EC0-301F-11D3-BF4B-00C04F79EFBC}") = "AldiScheduleMaker", "AldiScheduleMaker\AldiScheduleMaker.csproj", "{F5693AB2-D6E9-47A7-9E49-3D919F8B19D5}"
EndProject
Global
	GlobalSection(SolutionConfigurationPlatforms) = preSolution
		Debug|Any CPU = Debug|Any CPU
		Release|Any CPU = Release|Any CPU
	EndGlobalSection
	GlobalSection(ProjectConfigurationPlatforms) = postSolution
		{F5693AB2-D6E9-47A7-9E49-3D919F8B19D5}.Debug|Any CPU.ActiveCfg = Debug|Any CPU
		{F5693AB2-D6E9-47A7-9E49-3D919F8B19D5}.Debug|Any CPU.Build.0 = Debug|Any CPU
		{F5693AB2-D6E9-47A7-9E49-3D919F8B19D5}.Release|Any CPU.ActiveCfg = Release|Any CPU
		{F5693AB2-D6E9-47A7-9E49-3D919F8B19D5}.Release|Any CPU.Build.0 = Release|Any CPU
	EndGlobalSection
	GlobalSection(SolutionProperties) = preSolution
		HideSolutionNode = FALSE
	EndGlobalSection
	GlobalSection(ExtensibilityGlobals) = postSolution
		SolutionGuid = {2857693F-3E56-47B7-9502-63B0BDB7E788}
	EndGlobalSection
EndGlobal
